
Microsoft Visual Studio Solution File, Format Version 12.00
# Visual Studio Version 17
VisualStudioVersion = 17.0.31903.59
MinimumVisualStudioVersion = 10.0.40219.1
Project("{FAE04EC0-301F-11D3-BF4B-00C04F79EFBC}") = "MyProject.Tests", "MyProject.Tests\MyProject.Tests.csproj", "{6307F28C-0E42-4109-BBE1-37CCB000C674}"
EndProject
Project("{FAE04EC0-301F-11D3-BF4B-00C04F79EFBC}") = "PensionModel", "PensionModel.csproj", "{B33A1F77-AD69-4DD9-A8FB-9793D3E9C4D2}"
EndProject
Project("{FAE04EC0-301F-11D3-BF4B-00C04F79EFBC}") = "App", "App\App.csproj", "{89D2875A-0721-4DE2-8D7A-57A023C32EE3}"
EndProject
Project("{FAE04EC0-301F-11D3-BF4B-00C04F79EFBC}") = "Engine", "Engine\Engine.csproj", "{F946703B-1F74-4E65-B5AA-4F048E50E823}"
EndProject
Project("{FAE04EC0-301F-11D3-BF4B-00C04F79EFBC}") = "Models", "Models\Models.csproj", "{C5AACD93-C3E1-4F26-95C0-AD02F604F533}"
EndProject
Project("{FAE04EC0-301F-11D3-BF4B-00C04F79EFBC}") = "IO", "IO\IO.csproj", "{B05038A5-B504-42EA-BEC7-D92EBD33455A}"
EndProject
Project("{FAE04EC0-301F-11D3-BF4B-00C04F79EFBC}") = "Aggregation", "Aggregation\Aggregation.csproj", "{17022450-8183-4F0D-9869-4691379B0613}"
EndProject
Global
	GlobalSection(SolutionConfigurationPlatforms) = preSolution
		Debug|Any CPU = Debug|Any CPU
		Release|Any CPU = Release|Any CPU
	EndGlobalSection
	GlobalSection(SolutionProperties) = preSolution
		HideSolutionNode = FALSE
	EndGlobalSection
	GlobalSection(ProjectConfigurationPlatforms) = postSolution
		{6307F28C-0E42-4109-BBE1-37CCB000C674}.Debug|Any CPU.ActiveCfg = Debug|Any CPU
		{6307F28C-0E42-4109-BBE1-37CCB000C674}.Debug|Any CPU.Build.0 = Debug|Any CPU
		{6307F28C-0E42-4109-BBE1-37CCB000C674}.Release|Any CPU.ActiveCfg = Release|Any CPU
		{6307F28C-0E42-4109-BBE1-37CCB000C674}.Release|Any CPU.Build.0 = Release|Any CPU
		{B33A1F77-AD69-4DD9-A8FB-9793D3E9C4D2}.Debug|Any CPU.ActiveCfg = Debug|Any CPU
		{B33A1F77-AD69-4DD9-A8FB-9793D3E9C4D2}.Debug|Any CPU.Build.0 = Debug|Any CPU
		{B33A1F77-AD69-4DD9-A8FB-9793D3E9C4D2}.Release|Any CPU.ActiveCfg = Release|Any CPU
		{B33A1F77-AD69-4DD9-A8FB-9793D3E9C4D2}.Release|Any CPU.Build.0 = Release|Any CPU
		{89D2875A-0721-4DE2-8D7A-57A023C32EE3}.Debug|Any CPU.ActiveCfg = Debug|Any CPU
		{89D2875A-0721-4DE2-8D7A-57A023C32EE3}.Debug|Any CPU.Build.0 = Debug|Any CPU
		{89D2875A-0721-4DE2-8D7A-57A023C32EE3}.Release|Any CPU.ActiveCfg = Release|Any CPU
		{89D2875A-0721-4DE2-8D7A-57A023C32EE3}.Release|Any CPU.Build.0 = Release|Any CPU
		{F946703B-1F74-4E65-B5AA-4F048E50E823}.Debug|Any CPU.ActiveCfg = Debug|Any CPU
		{F946703B-1F74-4E65-B5AA-4F048E50E823}.Debug|Any CPU.Build.0 = Debug|Any CPU
		{F946703B-1F74-4E65-B5AA-4F048E50E823}.Release|Any CPU.ActiveCfg = Release|Any CPU
		{F946703B-1F74-4E65-B5AA-4F048E50E823}.Release|Any CPU.Build.0 = Release|Any CPU
		{C5AACD93-C3E1-4F26-95C0-AD02F604F533}.Debug|Any CPU.ActiveCfg = Debug|Any CPU
		{C5AACD93-C3E1-4F26-95C0-AD02F604F533}.Debug|Any CPU.Build.0 = Debug|Any CPU
		{C5AACD93-C3E1-4F26-95C0-AD02F604F533}.Release|Any CPU.ActiveCfg = Release|Any CPU
		{C5AACD93-C3E1-4F26-95C0-AD02F604F533}.Release|Any CPU.Build.0 = Release|Any CPU
		{B05038A5-B504-42EA-BEC7-D92EBD33455A}.Debug|Any CPU.ActiveCfg = Debug|Any CPU
		{B05038A5-B504-42EA-BEC7-D92EBD33455A}.Debug|Any CPU.Build.0 = Debug|Any CPU
		{B05038A5-B504-42EA-BEC7-D92EBD33455A}.Release|Any CPU.ActiveCfg = Release|Any CPU
		{B05038A5-B504-42EA-BEC7-D92EBD33455A}.Release|Any CPU.Build.0 = Release|Any CPU
		{17022450-8183-4F0D-9869-4691379B0613}.Debug|Any CPU.ActiveCfg = Debug|Any CPU
		{17022450-8183-4F0D-9869-4691379B0613}.Debug|Any CPU.Build.0 = Debug|Any CPU
		{17022450-8183-4F0D-9869-4691379B0613}.Release|Any CPU.ActiveCfg = Release|Any CPU
		{17022450-8183-4F0D-9869-4691379B0613}.Release|Any CPU.Build.0 = Release|Any CPU
	EndGlobalSection
EndGlobal
